
Microsoft Visual Studio Solution File, Format Version 12.00
# Visual Studio Version 17
VisualStudioVersion = 17.3.32901.215
MinimumVisualStudioVersion = 10.0.40219.1
Project("{FAE04EC0-301F-11D3-BF4B-00C04F79EFBC}") = "Monkey Finances", "Monkey Finances\Monkey Finances.csproj", "{A0644CBA-3898-4952-A8BE-27AB2AC6350F}"
EndProject
Global
	GlobalSection(SolutionConfigurationPlatforms) = preSolution
		Debug|Any CPU = Debug|Any CPU
		Release|Any CPU = Release|Any CPU
	EndGlobalSection
	GlobalSection(ProjectConfigurationPlatforms) = postSolution
		{A0644CBA-3898-4952-A8BE-27AB2AC6350F}.Debug|Any CPU.ActiveCfg = Debug|Any CPU
		{A0644CBA-3898-4952-A8BE-27AB2AC6350F}.Debug|Any CPU.Build.0 = Debug|Any CPU
		{A0644CBA-3898-4952-A8BE-27AB2AC6350F}.Release|Any CPU.ActiveCfg = Release|Any CPU
		{A0644CBA-3898-4952-A8BE-27AB2AC6350F}.Release|Any CPU.Build.0 = Release|Any CPU
	EndGlobalSection
	GlobalSection(SolutionProperties) = preSolution
		HideSolutionNode = FALSE
	EndGlobalSection
	GlobalSection(ExtensibilityGlobals) = postSolution
		SolutionGuid = {855947DC-5842-4242-9CD3-879C27A0D75A}
	EndGlobalSection
EndGlobal
